<?xml version="1.0" encoding="utf-8"?>
<Project ToolsVersion="4.0" xmlns="http://schemas.microsoft.com/developer/msbuild/2003">
  <ItemGroup>
    <ClCompile Include="test.cpp" />
  </ItemGroup>
  <ItemGroup>
    <Filter Include="library">
      <UniqueIdentifier>{ece72810-7bd3-406d-9527-b2762ccef7a0}</UniqueIdentifier>
    </Filter>
    <Filter Include="language">
      <UniqueIdentifier>{926886fe-5b3e-4c4a-9a16-df0c0500b649}</UniqueIdentifier>
    </Filter>
    <Filter Include="function">
      <UniqueIdentifier>{cb8ba01b-3db1-4c37-9f15-654b4f1e79a2}</UniqueIdentifier>
    </Filter>
    <Filter Include="feature">
      <UniqueIdentifier>{bf3f720e-d6a9-4f21-b3e2-d7a7dfe5f48d}</UniqueIdentifier>
    </Filter>
    <Filter Include="driver">
      <UniqueIdentifier>{322ff84a-2beb-4d58-877d-cc337dfe7d9e}</UniqueIdentifier>
    </Filter>
    <Filter Include="driver\windows">
      <UniqueIdentifier>{ff7bcb71-9d6f-49ae-bea6-f837b5aa9cbf}</UniqueIdentifier>
    </Filter>
  </ItemGroup>
  <ItemGroup>
    <ClInclude Include="library\aes.h">
      <Filter>library</Filter>
    </ClInclude>
    <ClInclude Include="library\base64.h">
      <Filter>library</Filter>
    </ClInclude>
    <ClInclude Include="library\byte.h">
      <Filter>library</Filter>
    </ClInclude>
    <ClInclude Include="library\critical_section.h">
      <Filter>library</Filter>
    </ClInclude>
    <ClInclude Include="library\file_stream.h">
      <Filter>library</Filter>
    </ClInclude>
    <ClInclude Include="library\time.h">
      <Filter>library</Filter>
    </ClInclude>
    <ClInclude Include="library\boost.h">
      <Filter>library</Filter>
    </ClInclude>
    <ClInclude Include="library\types.h">
      <Filter>language</Filter>
    </ClInclude>
    <ClInclude Include="language\typeid.h">
      <Filter>language</Filter>
    </ClInclude>
    <ClInclude Include="function\function.h">
      <Filter>function</Filter>
    </ClInclude>
    <ClInclude Include="function\thunk.h">
      <Filter>function</Filter>
    </ClInclude>
    <ClInclude Include="function\wild_pointer.h">
      <Filter>function</Filter>
    </ClInclude>
    <ClInclude Include="language\map_bound.h">
      <Filter>language</Filter>
    </ClInclude>
    <ClInclude Include="language\quotient.h">
      <Filter>language</Filter>
    </ClInclude>
    <ClInclude Include="language\stl.h">
      <Filter>language</Filter>
    </ClInclude>
    <ClInclude Include="language\thread.h">
      <Filter>language</Filter>
    </ClInclude>
    <ClInclude Include="driver\windows\dolby.h">
      <Filter>driver\windows</Filter>
    </ClInclude>
  </ItemGroup>
</Project>